
Microsoft Visual Studio Solution File, Format Version 12.00
# Visual Studio Version 16
VisualStudioVersion = 16.0.29613.14
MinimumVisualStudioVersion = 10.0.40219.1
Project("{9A19103F-16F7-4668-BE54-9A1E7A4F7556}") = "Biblioteca", "Biblioteca\Biblioteca.csproj", "{D5C97150-0640-49ED-AEAD-8080B7FF8464}"
EndProject
Project("{9A19103F-16F7-4668-BE54-9A1E7A4F7556}") = "Biblioteca.core", "Biblioteca.core\Biblioteca.core.csproj", "{76D7E024-926D-4C63-8E48-A78568431117}"
EndProject
Project("{9A19103F-16F7-4668-BE54-9A1E7A4F7556}") = "Biblioteca.Data", "Biblioteca.Data\Biblioteca.Data.csproj", "{B195BE7C-164C-4AF2-A2E1-D94E9A063CD7}"
EndProject
Project("{9A19103F-16F7-4668-BE54-9A1E7A4F7556}") = "Usuario.core", "Usuario.core\Usuario.core.csproj", "{1F6616ED-4851-4A83-B304-850BEC1F603B}"
EndProject
Project("{9A19103F-16F7-4668-BE54-9A1E7A4F7556}") = "Usuario.Data", "Usuario.Data\Usuario.Data.csproj", "{818E503A-CCF6-4D73-AFCF-708FA1527820}"
EndProject
Project("{9A19103F-16F7-4668-BE54-9A1E7A4F7556}") = "Prestamos.core", "Prestamos.core\Prestamos.core.csproj", "{94923450-ACC9-4A08-82C5-0EF351E7E951}"
EndProject
Project("{9A19103F-16F7-4668-BE54-9A1E7A4F7556}") = "Prestamos.Data", "Prestamos.Data\Prestamos.Data.csproj", "{9480E888-F94E-4015-A89E-28C604A8B933}"
EndProject
Project("{2150E333-8FDC-42A3-9474-1A3956D46DE8}") = "prestamos", "prestamos", "{61E0EA93-7B94-4199-B880-C84B44C4A29F}"
EndProject
Project("{2150E333-8FDC-42A3-9474-1A3956D46DE8}") = "Pais", "Pais", "{885B49D5-28A1-4827-A505-F459341D3278}"
EndProject
Project("{2150E333-8FDC-42A3-9474-1A3956D46DE8}") = "autor", "autor", "{D56E6E65-D957-4249-A4E1-7FEE55345BD2}"
EndProject
Project("{2150E333-8FDC-42A3-9474-1A3956D46DE8}") = "Idioma", "Idioma", "{3E5560B5-0367-4CDF-970A-AC926E9BF4CF}"
EndProject
Project("{2150E333-8FDC-42A3-9474-1A3956D46DE8}") = "editoral", "editoral", "{E24BAF5F-B1B2-423E-A34B-C8F1A15745F8}"
EndProject
Project("{9A19103F-16F7-4668-BE54-9A1E7A4F7556}") = "Autor.core", "Autor.core\Autor.core.csproj", "{8F8DBD86-1454-44C5-934A-A5A0B53171FA}"
EndProject
Project("{9A19103F-16F7-4668-BE54-9A1E7A4F7556}") = "Autor.Data", "Autor.Data\Autor.Data.csproj", "{648CDBFA-3C15-4F4D-898E-3CDDEEAC65A9}"
EndProject
Project("{9A19103F-16F7-4668-BE54-9A1E7A4F7556}") = "Editorial.Data", "Editorial.data\Editorial.Data.csproj", "{668CAF6E-0DE4-4AEF-BDA7-149C17E22BFC}"
EndProject
Project("{9A19103F-16F7-4668-BE54-9A1E7A4F7556}") = "Editorial.core", "Editorial.core\Editorial.core.csproj", "{19035565-386B-4D28-8428-CDAFB257D65B}"
EndProject
Project("{9A19103F-16F7-4668-BE54-9A1E7A4F7556}") = "Idioma.Data", "Idioma.data\Idioma.Data.csproj", "{4A193B95-49DB-4A15-A9D8-19255E3E9289}"
EndProject
Project("{9A19103F-16F7-4668-BE54-9A1E7A4F7556}") = "Idioma.core", "Idioma.core\Idioma.core.csproj", "{CB1C188E-8246-4E8C-96AB-2DF15AB94C49}"
EndProject
Project("{9A19103F-16F7-4668-BE54-9A1E7A4F7556}") = "Pais.core", "Pais.core\Pais.core.csproj", "{F293758C-2F43-40B5-8D90-3613DA3A368B}"
EndProject
Project("{9A19103F-16F7-4668-BE54-9A1E7A4F7556}") = "Pais.Data", "Pais.Data\Pais.Data.csproj", "{E513DF9E-8CB3-45E0-B6ED-3F8B27D23A5F}"
EndProject
Global
	GlobalSection(SolutionConfigurationPlatforms) = preSolution
		Debug|Any CPU = Debug|Any CPU
		Release|Any CPU = Release|Any CPU
	EndGlobalSection
	GlobalSection(ProjectConfigurationPlatforms) = postSolution
		{D5C97150-0640-49ED-AEAD-8080B7FF8464}.Debug|Any CPU.ActiveCfg = Debug|Any CPU
		{D5C97150-0640-49ED-AEAD-8080B7FF8464}.Debug|Any CPU.Build.0 = Debug|Any CPU
		{D5C97150-0640-49ED-AEAD-8080B7FF8464}.Release|Any CPU.ActiveCfg = Release|Any CPU
		{D5C97150-0640-49ED-AEAD-8080B7FF8464}.Release|Any CPU.Build.0 = Release|Any CPU
		{76D7E024-926D-4C63-8E48-A78568431117}.Debug|Any CPU.ActiveCfg = Debug|Any CPU
		{76D7E024-926D-4C63-8E48-A78568431117}.Debug|Any CPU.Build.0 = Debug|Any CPU
		{76D7E024-926D-4C63-8E48-A78568431117}.Release|Any CPU.ActiveCfg = Release|Any CPU
		{76D7E024-926D-4C63-8E48-A78568431117}.Release|Any CPU.Build.0 = Release|Any CPU
		{B195BE7C-164C-4AF2-A2E1-D94E9A063CD7}.Debug|Any CPU.ActiveCfg = Debug|Any CPU
		{B195BE7C-164C-4AF2-A2E1-D94E9A063CD7}.Debug|Any CPU.Build.0 = Debug|Any CPU
		{B195BE7C-164C-4AF2-A2E1-D94E9A063CD7}.Release|Any CPU.ActiveCfg = Release|Any CPU
		{B195BE7C-164C-4AF2-A2E1-D94E9A063CD7}.Release|Any CPU.Build.0 = Release|Any CPU
		{1F6616ED-4851-4A83-B304-850BEC1F603B}.Debug|Any CPU.ActiveCfg = Debug|Any CPU
		{1F6616ED-4851-4A83-B304-850BEC1F603B}.Debug|Any CPU.Build.0 = Debug|Any CPU
		{1F6616ED-4851-4A83-B304-850BEC1F603B}.Release|Any CPU.ActiveCfg = Release|Any CPU
		{1F6616ED-4851-4A83-B304-850BEC1F603B}.Release|Any CPU.Build.0 = Release|Any CPU
		{818E503A-CCF6-4D73-AFCF-708FA1527820}.Debug|Any CPU.ActiveCfg = Debug|Any CPU
		{818E503A-CCF6-4D73-AFCF-708FA1527820}.Debug|Any CPU.Build.0 = Debug|Any CPU
		{818E503A-CCF6-4D73-AFCF-708FA1527820}.Release|Any CPU.ActiveCfg = Release|Any CPU
		{818E503A-CCF6-4D73-AFCF-708FA1527820}.Release|Any CPU.Build.0 = Release|Any CPU
		{94923450-ACC9-4A08-82C5-0EF351E7E951}.Debug|Any CPU.ActiveCfg = Debug|Any CPU
		{94923450-ACC9-4A08-82C5-0EF351E7E951}.Debug|Any CPU.Build.0 = Debug|Any CPU
		{94923450-ACC9-4A08-82C5-0EF351E7E951}.Release|Any CPU.ActiveCfg = Release|Any CPU
		{94923450-ACC9-4A08-82C5-0EF351E7E951}.Release|Any CPU.Build.0 = Release|Any CPU
		{9480E888-F94E-4015-A89E-28C604A8B933}.Debug|Any CPU.ActiveCfg = Debug|Any CPU
		{9480E888-F94E-4015-A89E-28C604A8B933}.Debug|Any CPU.Build.0 = Debug|Any CPU
		{9480E888-F94E-4015-A89E-28C604A8B933}.Release|Any CPU.ActiveCfg = Release|Any CPU
		{9480E888-F94E-4015-A89E-28C604A8B933}.Release|Any CPU.Build.0 = Release|Any CPU
		{8F8DBD86-1454-44C5-934A-A5A0B53171FA}.Debug|Any CPU.ActiveCfg = Debug|Any CPU
		{8F8DBD86-1454-44C5-934A-A5A0B53171FA}.Debug|Any CPU.Build.0 = Debug|Any CPU
		{8F8DBD86-1454-44C5-934A-A5A0B53171FA}.Release|Any CPU.ActiveCfg = Release|Any CPU
		{8F8DBD86-1454-44C5-934A-A5A0B53171FA}.Release|Any CPU.Build.0 = Release|Any CPU
		{648CDBFA-3C15-4F4D-898E-3CDDEEAC65A9}.Debug|Any CPU.ActiveCfg = Debug|Any CPU
		{648CDBFA-3C15-4F4D-898E-3CDDEEAC65A9}.Debug|Any CPU.Build.0 = Debug|Any CPU
		{648CDBFA-3C15-4F4D-898E-3CDDEEAC65A9}.Release|Any CPU.ActiveCfg = Release|Any CPU
		{648CDBFA-3C15-4F4D-898E-3CDDEEAC65A9}.Release|Any CPU.Build.0 = Release|Any CPU
		{668CAF6E-0DE4-4AEF-BDA7-149C17E22BFC}.Debug|Any CPU.ActiveCfg = Debug|Any CPU
		{668CAF6E-0DE4-4AEF-BDA7-149C17E22BFC}.Debug|Any CPU.Build.0 = Debug|Any CPU
		{668CAF6E-0DE4-4AEF-BDA7-149C17E22BFC}.Release|Any CPU.ActiveCfg = Release|Any CPU
		{668CAF6E-0DE4-4AEF-BDA7-149C17E22BFC}.Release|Any CPU.Build.0 = Release|Any CPU
		{19035565-386B-4D28-8428-CDAFB257D65B}.Debug|Any CPU.ActiveCfg = Debug|Any CPU
		{19035565-386B-4D28-8428-CDAFB257D65B}.Debug|Any CPU.Build.0 = Debug|Any CPU
		{19035565-386B-4D28-8428-CDAFB257D65B}.Release|Any CPU.ActiveCfg = Release|Any CPU
		{19035565-386B-4D28-8428-CDAFB257D65B}.Release|Any CPU.Build.0 = Release|Any CPU
		{4A193B95-49DB-4A15-A9D8-19255E3E9289}.Debug|Any CPU.ActiveCfg = Debug|Any CPU
		{4A193B95-49DB-4A15-A9D8-19255E3E9289}.Debug|Any CPU.Build.0 = Debug|Any CPU
		{4A193B95-49DB-4A15-A9D8-19255E3E9289}.Release|Any CPU.ActiveCfg = Release|Any CPU
		{4A193B95-49DB-4A15-A9D8-19255E3E9289}.Release|Any CPU.Build.0 = Release|Any CPU
		{CB1C188E-8246-4E8C-96AB-2DF15AB94C49}.Debug|Any CPU.ActiveCfg = Debug|Any CPU
		{CB1C188E-8246-4E8C-96AB-2DF15AB94C49}.Debug|Any CPU.Build.0 = Debug|Any CPU
		{CB1C188E-8246-4E8C-96AB-2DF15AB94C49}.Release|Any CPU.ActiveCfg = Release|Any CPU
		{CB1C188E-8246-4E8C-96AB-2DF15AB94C49}.Release|Any CPU.Build.0 = Release|Any CPU
		{F293758C-2F43-40B5-8D90-3613DA3A368B}.Debug|Any CPU.ActiveCfg = Debug|Any CPU
		{F293758C-2F43-40B5-8D90-3613DA3A368B}.Debug|Any CPU.Build.0 = Debug|Any CPU
		{F293758C-2F43-40B5-8D90-3613DA3A368B}.Release|Any CPU.ActiveCfg = Release|Any CPU
		{F293758C-2F43-40B5-8D90-3613DA3A368B}.Release|Any CPU.Build.0 = Release|Any CPU
		{E513DF9E-8CB3-45E0-B6ED-3F8B27D23A5F}.Debug|Any CPU.ActiveCfg = Debug|Any CPU
		{E513DF9E-8CB3-45E0-B6ED-3F8B27D23A5F}.Debug|Any CPU.Build.0 = Debug|Any CPU
		{E513DF9E-8CB3-45E0-B6ED-3F8B27D23A5F}.Release|Any CPU.ActiveCfg = Release|Any CPU
		{E513DF9E-8CB3-45E0-B6ED-3F8B27D23A5F}.Release|Any CPU.Build.0 = Release|Any CPU
	EndGlobalSection
	GlobalSection(SolutionProperties) = preSolution
		HideSolutionNode = FALSE
	EndGlobalSection
	GlobalSection(NestedProjects) = preSolution
		{94923450-ACC9-4A08-82C5-0EF351E7E951} = {61E0EA93-7B94-4199-B880-C84B44C4A29F}
		{9480E888-F94E-4015-A89E-28C604A8B933} = {61E0EA93-7B94-4199-B880-C84B44C4A29F}
		{8F8DBD86-1454-44C5-934A-A5A0B53171FA} = {D56E6E65-D957-4249-A4E1-7FEE55345BD2}
		{648CDBFA-3C15-4F4D-898E-3CDDEEAC65A9} = {D56E6E65-D957-4249-A4E1-7FEE55345BD2}
		{668CAF6E-0DE4-4AEF-BDA7-149C17E22BFC} = {E24BAF5F-B1B2-423E-A34B-C8F1A15745F8}
		{19035565-386B-4D28-8428-CDAFB257D65B} = {E24BAF5F-B1B2-423E-A34B-C8F1A15745F8}
		{4A193B95-49DB-4A15-A9D8-19255E3E9289} = {3E5560B5-0367-4CDF-970A-AC926E9BF4CF}
		{CB1C188E-8246-4E8C-96AB-2DF15AB94C49} = {3E5560B5-0367-4CDF-970A-AC926E9BF4CF}
		{F293758C-2F43-40B5-8D90-3613DA3A368B} = {885B49D5-28A1-4827-A505-F459341D3278}
		{E513DF9E-8CB3-45E0-B6ED-3F8B27D23A5F} = {885B49D5-28A1-4827-A505-F459341D3278}
	EndGlobalSection
	GlobalSection(ExtensibilityGlobals) = postSolution
		SolutionGuid = {989A8D30-5E5C-466C-8DCA-427913936E85}
	EndGlobalSection
EndGlobal
